{
    "hash": "02bbf7339e32e80ed55baf96f6603dfd",
    "packages": [
        {
            "package": "composer/composer",
            "version": "dev-master",
            "source-reference": "0e6cf61b67875545d2cd88b90cfb869f9bed7544"
        },
        {
            "package": "dflydev/markdown",
            "version": "dev-master",
            "source-reference": "ebfa03b2166a5fea5799f73d3c97a3dd998e9ee4"
        },
        {
            "package": "doctrine/common",
            "version": "2.2.0"
        },
        {
            "package": "pimple/pimple",
            "version": "dev-master",
            "source-reference": "321db91e49b6cf8cbeed58d8db662d40de96d2c3"
        },
        {
            "package": "silex/silex",
            "version": "dev-master",
            "source-reference": "00f635b976057362581a5d7cb7522ba367423744"
        },
        {
            "package": "symfony/symfony",
            "version": "dev-master",
            "source-reference": "3de31c62d6d695477803d797177fbfe2a2fa3ef5",
            "alias": "2.1.9999999.9999999-dev"
        },
        {
            "package": "twig/twig",
            "version": "1.6.0"
        }
    ],
    "aliases": []
}
