{
    "hash": "02bbf7339e32e80ed55baf96f6603dfd",
    "packages": [
        {
            "package": "composer/composer",
            "version": "dev-master",
            "source-reference": "c27bdad72850f9be225eee3f37c47b3e853c538e"
        },
        {
            "package": "dflydev/markdown",
            "version": "dev-master",
            "source-reference": "91c6649f89472f6ab60a107a80acc72baacf585c"
        },
        {
            "package": "doctrine/common",
            "version": "2.2.1"
        },
        {
            "package": "justinrainbow/json-schema",
            "version": "dev-master",
            "source-reference": "bb6175a2790118241c8f6d014ddc04192267e5d1"
        },
        {
            "package": "pimple/pimple",
            "version": "dev-master",
            "source-reference": "321db91e49b6cf8cbeed58d8db662d40de96d2c3"
        },
        {
            "package": "seld/jsonlint",
            "version": "dev-master",
            "source-reference": "12f0b1e5334a52b7035e1d15f36974db7c06b78d"
        },
        {
            "package": "silex/silex",
            "version": "dev-master",
            "source-reference": "eaa9500fcb1550346068948b8f4543531059507e"
        },
        {
            "package": "symfony/symfony",
            "version": "dev-master",
            "source-reference": "35d63b66910ae2107fe17f0095495c7d37f491f5",
            "alias": "2.1.9999999.9999999-dev"
        },
        {
            "package": "twig/twig",
            "version": "1.6.1"
        }
    ],
    "aliases": []
}
