{
    "name": "getcomposer",
    "requires": true,
    "lockfileVersion": 1,
    "dependencies": {
        "@algolia/autocomplete-core": {
            "version": "1.2.2",
            "resolved": "https://registry.npmjs.org/@algolia/autocomplete-core/-/autocomplete-core-1.2.2.tgz",
            "integrity": "sha512-JOQaURze45qVa8OOFDh+ozj2a/ObSRsVyz6Zd0aiBeej+RSTqrr1hDVpGNbbXYLW26G5ujuc9QIdH+rBHn95nw==",
            "requires": {
                "@algolia/autocomplete-shared": "1.2.2"
            }
        },
        "@algolia/autocomplete-preset-algolia": {
            "version": "1.2.2",
            "resolved": "https://registry.npmjs.org/@algolia/autocomplete-preset-algolia/-/autocomplete-preset-algolia-1.2.2.tgz",
            "integrity": "sha512-AZkh+bAMaJDzMZTelFOXJTJqkp5VPGH8W3n0B+Ggce7DdozlMRsDLguKTCQAkZ0dJ1EbBPyFL5ztL/JImB137Q==",
            "requires": {
                "@algolia/autocomplete-shared": "1.2.2"
            }
        },
        "@algolia/autocomplete-shared": {
            "version": "1.2.2",
            "resolved": "https://registry.npmjs.org/@algolia/autocomplete-shared/-/autocomplete-shared-1.2.2.tgz",
            "integrity": "sha512-mLTl7d2C1xVVazHt/bqh9EE/u2lbp5YOxLDdcjILXmUqOs5HH1D4SuySblXaQG1uf28FhTqMGp35qE5wJQnqAw=="
        },
        "@algolia/cache-browser-local-storage": {
            "version": "4.11.0",
            "resolved": "https://registry.npmjs.org/@algolia/cache-browser-local-storage/-/cache-browser-local-storage-4.11.0.tgz",
            "integrity": "sha512-4sr9vHIG1fVA9dONagdzhsI/6M5mjs/qOe2xUP0yBmwsTsuwiZq3+Xu6D3dsxsuFetcJgC6ydQoCW8b7fDJHYQ==",
            "requires": {
                "@algolia/cache-common": "4.11.0"
            }
        },
        "@algolia/cache-common": {
            "version": "4.11.0",
            "resolved": "https://registry.npmjs.org/@algolia/cache-common/-/cache-common-4.11.0.tgz",
            "integrity": "sha512-lODcJRuPXqf+6mp0h6bOxPMlbNoyn3VfjBVcQh70EDP0/xExZbkpecgHyyZK4kWg+evu+mmgvTK3GVHnet/xKw=="
        },
        "@algolia/cache-in-memory": {
            "version": "4.11.0",
            "resolved": "https://registry.npmjs.org/@algolia/cache-in-memory/-/cache-in-memory-4.11.0.tgz",
            "integrity": "sha512-aBz+stMSTBOBaBEQ43zJXz2DnwS7fL6dR0e2myehAgtfAWlWwLDHruc/98VOy1ZAcBk1blE2LCU02bT5HekGxQ==",
            "requires": {
                "@algolia/cache-common": "4.11.0"
            }
        },
        "@algolia/client-account": {
            "version": "4.11.0",
            "resolved": "https://registry.npmjs.org/@algolia/client-account/-/client-account-4.11.0.tgz",
            "integrity": "sha512-jwmFBoUSzoMwMqgD3PmzFJV/d19p1RJXB6C1ADz4ju4mU7rkaQLtqyZroQpheLoU5s5Tilmn/T8/0U2XLoJCRQ==",
            "requires": {
                "@algolia/client-common": "4.11.0",
                "@algolia/client-search": "4.11.0",
                "@algolia/transporter": "4.11.0"
            }
        },
        "@algolia/client-analytics": {
            "version": "4.11.0",
            "resolved": "https://registry.npmjs.org/@algolia/client-analytics/-/client-analytics-4.11.0.tgz",
            "integrity": "sha512-v5U9585aeEdYml7JqggHAj3E5CQ+jPwGVztPVhakBk8H/cmLyPS2g8wvmIbaEZCHmWn4TqFj3EBHVYxAl36fSA==",
            "requires": {
                "@algolia/client-common": "4.11.0",
                "@algolia/client-search": "4.11.0",
                "@algolia/requester-common": "4.11.0",
                "@algolia/transporter": "4.11.0"
            }
        },
        "@algolia/client-common": {
            "version": "4.11.0",
            "resolved": "https://registry.npmjs.org/@algolia/client-common/-/client-common-4.11.0.tgz",
            "integrity": "sha512-Qy+F+TZq12kc7tgfC+FM3RvYH/Ati7sUiUv/LkvlxFwNwNPwWGoZO81AzVSareXT/ksDDrabD4mHbdTbBPTRmQ==",
            "requires": {
                "@algolia/requester-common": "4.11.0",
                "@algolia/transporter": "4.11.0"
            }
        },
        "@algolia/client-personalization": {
            "version": "4.11.0",
            "resolved": "https://registry.npmjs.org/@algolia/client-personalization/-/client-personalization-4.11.0.tgz",
            "integrity": "sha512-mI+X5IKiijHAzf9fy8VSl/GTT67dzFDnJ0QAM8D9cMPevnfX4U72HRln3Mjd0xEaYUOGve8TK/fMg7d3Z5yG6g==",
            "requires": {
                "@algolia/client-common": "4.11.0",
                "@algolia/requester-common": "4.11.0",
                "@algolia/transporter": "4.11.0"
            }
        },
        "@algolia/client-search": {
            "version": "4.11.0",
            "resolved": "https://registry.npmjs.org/@algolia/client-search/-/client-search-4.11.0.tgz",
            "integrity": "sha512-iovPLc5YgiXBdw2qMhU65sINgo9umWbHFzInxoNErWnYoTQWfXsW6P54/NlKx5uscoLVjSf+5RUWwFu5BX+lpw==",
            "requires": {
                "@algolia/client-common": "4.11.0",
                "@algolia/requester-common": "4.11.0",
                "@algolia/transporter": "4.11.0"
            }
        },
        "@algolia/logger-common": {
            "version": "4.11.0",
            "resolved": "https://registry.npmjs.org/@algolia/logger-common/-/logger-common-4.11.0.tgz",
            "integrity": "sha512-pRMJFeOY8hoWKIxWuGHIrqnEKN/kqKh7UilDffG/+PeEGxBuku+Wq5CfdTFG0C9ewUvn8mAJn5BhYA5k8y0Jqg=="
        },
        "@algolia/logger-console": {
            "version": "4.11.0",
            "resolved": "https://registry.npmjs.org/@algolia/logger-console/-/logger-console-4.11.0.tgz",
            "integrity": "sha512-wXztMk0a3VbNmYP8Kpc+F7ekuvaqZmozM2eTLok0XIshpAeZ/NJDHDffXK2Pw+NF0wmHqurptLYwKoikjBYvhQ==",
            "requires": {
                "@algolia/logger-common": "4.11.0"
            }
        },
        "@algolia/requester-browser-xhr": {
            "version": "4.11.0",
            "resolved": "https://registry.npmjs.org/@algolia/requester-browser-xhr/-/requester-browser-xhr-4.11.0.tgz",
            "integrity": "sha512-Fp3SfDihAAFR8bllg8P5ouWi3+qpEVN5e7hrtVIYldKBOuI/qFv80Zv/3/AMKNJQRYglS4zWyPuqrXm58nz6KA==",
            "requires": {
                "@algolia/requester-common": "4.11.0"
            }
        },
        "@algolia/requester-common": {
            "version": "4.11.0",
            "resolved": "https://registry.npmjs.org/@algolia/requester-common/-/requester-common-4.11.0.tgz",
            "integrity": "sha512-+cZGe/9fuYgGuxjaBC+xTGBkK7OIYdfapxhfvEf03dviLMPmhmVYFJtJlzAjQ2YmGDJpHrGgAYj3i/fbs8yhiA=="
        },
        "@algolia/requester-node-http": {
            "version": "4.11.0",
            "resolved": "https://registry.npmjs.org/@algolia/requester-node-http/-/requester-node-http-4.11.0.tgz",
            "integrity": "sha512-qJIk9SHRFkKDi6dMT9hba8X1J1z92T5AZIgl+tsApjTGIRQXJLTIm+0q4yOefokfu4CoxYwRZ9QAq+ouGwfeOg==",
            "requires": {
                "@algolia/requester-common": "4.11.0"
            }
        },
        "@algolia/transporter": {
            "version": "4.11.0",
            "resolved": "https://registry.npmjs.org/@algolia/transporter/-/transporter-4.11.0.tgz",
            "integrity": "sha512-k4dyxiaEfYpw4UqybK9q7lrFzehygo6KV3OCYJMMdX0IMWV0m4DXdU27c1zYRYtthaFYaBzGF4Kjcl8p8vxCKw==",
            "requires": {
                "@algolia/cache-common": "4.11.0",
                "@algolia/logger-common": "4.11.0",
                "@algolia/requester-common": "4.11.0"
            }
        },
        "@docsearch/css": {
            "version": "3.0.0-alpha.41",
            "resolved": "https://registry.npmjs.org/@docsearch/css/-/css-3.0.0-alpha.41.tgz",
            "integrity": "sha512-AP1jqcF/9jCrm4s0lcES3QAtHueyipKjd14L/pguk0CZYK7uI7hC0FWodmRmrgK3/HST9jiHa1waUMR6ZYedlQ=="
        },
        "@docsearch/js": {
            "version": "3.0.0-alpha.41",
            "resolved": "https://registry.npmjs.org/@docsearch/js/-/js-3.0.0-alpha.41.tgz",
            "integrity": "sha512-dD9r+ygmzJEE50wtnRUs6I7TMD4ui7igEQlt74jZsn0SUPk6AlIP2ldII8brJHr0I4qs4OzlyrvV6ikAqjR6sw==",
            "requires": {
                "@docsearch/react": "3.0.0-alpha.41",
                "preact": "^10.0.0"
            }
        },
        "@docsearch/react": {
            "version": "3.0.0-alpha.41",
            "resolved": "https://registry.npmjs.org/@docsearch/react/-/react-3.0.0-alpha.41.tgz",
            "integrity": "sha512-UL0Gdter/NUea04lGuBGH0GzQ2/2q/hBfn7Rjo71rRKbjtfkQCM92leJ9tZ+9j9sFLoyuHb9XMm/B8vCjWwTEg==",
            "requires": {
                "@algolia/autocomplete-core": "1.2.2",
                "@algolia/autocomplete-preset-algolia": "1.2.2",
                "@docsearch/css": "3.0.0-alpha.41",
                "algoliasearch": "^4.0.0"
            }
        },
        "algoliasearch": {
            "version": "4.11.0",
            "resolved": "https://registry.npmjs.org/algoliasearch/-/algoliasearch-4.11.0.tgz",
            "integrity": "sha512-IXRj8kAP2WrMmj+eoPqPc6P7Ncq1yZkFiyDrjTBObV1ADNL8Z/KdZ+dWC5MmYcBLAbcB/mMCpak5N/D1UIZvsA==",
            "requires": {
                "@algolia/cache-browser-local-storage": "4.11.0",
                "@algolia/cache-common": "4.11.0",
                "@algolia/cache-in-memory": "4.11.0",
                "@algolia/client-account": "4.11.0",
                "@algolia/client-analytics": "4.11.0",
                "@algolia/client-common": "4.11.0",
                "@algolia/client-personalization": "4.11.0",
                "@algolia/client-search": "4.11.0",
                "@algolia/logger-common": "4.11.0",
                "@algolia/logger-console": "4.11.0",
                "@algolia/requester-browser-xhr": "4.11.0",
                "@algolia/requester-common": "4.11.0",
                "@algolia/requester-node-http": "4.11.0",
                "@algolia/transporter": "4.11.0"
            }
        },
        "esbuild": {
            "version": "0.13.15",
            "resolved": "https://registry.npmjs.org/esbuild/-/esbuild-0.13.15.tgz",
            "integrity": "sha512-raCxt02HBKv8RJxE8vkTSCXGIyKHdEdGfUmiYb8wnabnaEmHzyW7DCHb5tEN0xU8ryqg5xw54mcwnYkC4x3AIw==",
            "dev": true,
            "requires": {
                "esbuild-android-arm64": "0.13.15",
                "esbuild-darwin-64": "0.13.15",
                "esbuild-darwin-arm64": "0.13.15",
                "esbuild-freebsd-64": "0.13.15",
                "esbuild-freebsd-arm64": "0.13.15",
                "esbuild-linux-32": "0.13.15",
                "esbuild-linux-64": "0.13.15",
                "esbuild-linux-arm": "0.13.15",
                "esbuild-linux-arm64": "0.13.15",
                "esbuild-linux-mips64le": "0.13.15",
                "esbuild-linux-ppc64le": "0.13.15",
                "esbuild-netbsd-64": "0.13.15",
                "esbuild-openbsd-64": "0.13.15",
                "esbuild-sunos-64": "0.13.15",
                "esbuild-windows-32": "0.13.15",
                "esbuild-windows-64": "0.13.15",
                "esbuild-windows-arm64": "0.13.15"
            }
        },
        "esbuild-android-arm64": {
            "version": "0.13.15",
            "resolved": "https://registry.npmjs.org/esbuild-android-arm64/-/esbuild-android-arm64-0.13.15.tgz",
            "integrity": "sha512-m602nft/XXeO8YQPUDVoHfjyRVPdPgjyyXOxZ44MK/agewFFkPa8tUo6lAzSWh5Ui5PB4KR9UIFTSBKh/RrCmg==",
            "dev": true,
            "optional": true
        },
        "esbuild-darwin-64": {
            "version": "0.13.15",
            "resolved": "https://registry.npmjs.org/esbuild-darwin-64/-/esbuild-darwin-64-0.13.15.tgz",
            "integrity": "sha512-ihOQRGs2yyp7t5bArCwnvn2Atr6X4axqPpEdCFPVp7iUj4cVSdisgvEKdNR7yH3JDjW6aQDw40iQFoTqejqxvQ==",
            "dev": true,
            "optional": true
        },
        "esbuild-darwin-arm64": {
            "version": "0.13.15",
            "resolved": "https://registry.npmjs.org/esbuild-darwin-arm64/-/esbuild-darwin-arm64-0.13.15.tgz",
            "integrity": "sha512-i1FZssTVxUqNlJ6cBTj5YQj4imWy3m49RZRnHhLpefFIh0To05ow9DTrXROTE1urGTQCloFUXTX8QfGJy1P8dQ==",
            "dev": true,
            "optional": true
        },
        "esbuild-freebsd-64": {
            "version": "0.13.15",
            "resolved": "https://registry.npmjs.org/esbuild-freebsd-64/-/esbuild-freebsd-64-0.13.15.tgz",
            "integrity": "sha512-G3dLBXUI6lC6Z09/x+WtXBXbOYQZ0E8TDBqvn7aMaOCzryJs8LyVXKY4CPnHFXZAbSwkCbqiPuSQ1+HhrNk7EA==",
            "dev": true,
            "optional": true
        },
        "esbuild-freebsd-arm64": {
            "version": "0.13.15",
            "resolved": "https://registry.npmjs.org/esbuild-freebsd-arm64/-/esbuild-freebsd-arm64-0.13.15.tgz",
            "integrity": "sha512-KJx0fzEDf1uhNOZQStV4ujg30WlnwqUASaGSFPhznLM/bbheu9HhqZ6mJJZM32lkyfGJikw0jg7v3S0oAvtvQQ==",
            "dev": true,
            "optional": true
        },
        "esbuild-linux-32": {
            "version": "0.13.15",
            "resolved": "https://registry.npmjs.org/esbuild-linux-32/-/esbuild-linux-32-0.13.15.tgz",
            "integrity": "sha512-ZvTBPk0YWCLMCXiFmD5EUtB30zIPvC5Itxz0mdTu/xZBbbHJftQgLWY49wEPSn2T/TxahYCRDWun5smRa0Tu+g==",
            "dev": true,
            "optional": true
        },
        "esbuild-linux-64": {
            "version": "0.13.15",
            "resolved": "https://registry.npmjs.org/esbuild-linux-64/-/esbuild-linux-64-0.13.15.tgz",
            "integrity": "sha512-eCKzkNSLywNeQTRBxJRQ0jxRCl2YWdMB3+PkWFo2BBQYC5mISLIVIjThNtn6HUNqua1pnvgP5xX0nHbZbPj5oA==",
            "dev": true,
            "optional": true
        },
        "esbuild-linux-arm": {
            "version": "0.13.15",
            "resolved": "https://registry.npmjs.org/esbuild-linux-arm/-/esbuild-linux-arm-0.13.15.tgz",
            "integrity": "sha512-wUHttDi/ol0tD8ZgUMDH8Ef7IbDX+/UsWJOXaAyTdkT7Yy9ZBqPg8bgB/Dn3CZ9SBpNieozrPRHm0BGww7W/jA==",
            "dev": true,
            "optional": true
        },
        "esbuild-linux-arm64": {
            "version": "0.13.15",
            "resolved": "https://registry.npmjs.org/esbuild-linux-arm64/-/esbuild-linux-arm64-0.13.15.tgz",
            "integrity": "sha512-bYpuUlN6qYU9slzr/ltyLTR9YTBS7qUDymO8SV7kjeNext61OdmqFAzuVZom+OLW1HPHseBfJ/JfdSlx8oTUoA==",
            "dev": true,
            "optional": true
        },
        "esbuild-linux-mips64le": {
            "version": "0.13.15",
            "resolved": "https://registry.npmjs.org/esbuild-linux-mips64le/-/esbuild-linux-mips64le-0.13.15.tgz",
            "integrity": "sha512-KlVjIG828uFPyJkO/8gKwy9RbXhCEUeFsCGOJBepUlpa7G8/SeZgncUEz/tOOUJTcWMTmFMtdd3GElGyAtbSWg==",
            "dev": true,
            "optional": true
        },
        "esbuild-linux-ppc64le": {
            "version": "0.13.15",
            "resolved": "https://registry.npmjs.org/esbuild-linux-ppc64le/-/esbuild-linux-ppc64le-0.13.15.tgz",
            "integrity": "sha512-h6gYF+OsaqEuBjeesTBtUPw0bmiDu7eAeuc2OEH9S6mV9/jPhPdhOWzdeshb0BskRZxPhxPOjqZ+/OqLcxQwEQ==",
            "dev": true,
            "optional": true
        },
        "esbuild-netbsd-64": {
            "version": "0.13.15",
            "resolved": "https://registry.npmjs.org/esbuild-netbsd-64/-/esbuild-netbsd-64-0.13.15.tgz",
            "integrity": "sha512-3+yE9emwoevLMyvu+iR3rsa+Xwhie7ZEHMGDQ6dkqP/ndFzRHkobHUKTe+NCApSqG5ce2z4rFu+NX/UHnxlh3w==",
            "dev": true,
            "optional": true
        },
        "esbuild-openbsd-64": {
            "version": "0.13.15",
            "resolved": "https://registry.npmjs.org/esbuild-openbsd-64/-/esbuild-openbsd-64-0.13.15.tgz",
            "integrity": "sha512-wTfvtwYJYAFL1fSs8yHIdf5GEE4NkbtbXtjLWjM3Cw8mmQKqsg8kTiqJ9NJQe5NX/5Qlo7Xd9r1yKMMkHllp5g==",
            "dev": true,
            "optional": true
        },
        "esbuild-sunos-64": {
            "version": "0.13.15",
            "resolved": "https://registry.npmjs.org/esbuild-sunos-64/-/esbuild-sunos-64-0.13.15.tgz",
            "integrity": "sha512-lbivT9Bx3t1iWWrSnGyBP9ODriEvWDRiweAs69vI+miJoeKwHWOComSRukttbuzjZ8r1q0mQJ8Z7yUsDJ3hKdw==",
            "dev": true,
            "optional": true
        },
        "esbuild-windows-32": {
            "version": "0.13.15",
            "resolved": "https://registry.npmjs.org/esbuild-windows-32/-/esbuild-windows-32-0.13.15.tgz",
            "integrity": "sha512-fDMEf2g3SsJ599MBr50cY5ve5lP1wyVwTe6aLJsM01KtxyKkB4UT+fc5MXQFn3RLrAIAZOG+tHC+yXObpSn7Nw==",
            "dev": true,
            "optional": true
        },
        "esbuild-windows-64": {
            "version": "0.13.15",
            "resolved": "https://registry.npmjs.org/esbuild-windows-64/-/esbuild-windows-64-0.13.15.tgz",
            "integrity": "sha512-9aMsPRGDWCd3bGjUIKG/ZOJPKsiztlxl/Q3C1XDswO6eNX/Jtwu4M+jb6YDH9hRSUflQWX0XKAfWzgy5Wk54JQ==",
            "dev": true,
            "optional": true
        },
        "esbuild-windows-arm64": {
            "version": "0.13.15",
            "resolved": "https://registry.npmjs.org/esbuild-windows-arm64/-/esbuild-windows-arm64-0.13.15.tgz",
            "integrity": "sha512-zzvyCVVpbwQQATaf3IG8mu1IwGEiDxKkYUdA4FpoCHi1KtPa13jeScYDjlW0Qh+ebWzpKfR2ZwvqAQkSWNcKjA==",
            "dev": true,
            "optional": true
        },
        "plausible-tracker": {
            "version": "0.3.4",
            "resolved": "https://registry.npmjs.org/plausible-tracker/-/plausible-tracker-0.3.4.tgz",
            "integrity": "sha512-pc5fMmtagAlTYKOUcMk+AfV0t3bVpYv+zTEsBTFQL6n8frExxK54GBauxzbKF1hLZ16ggx/84mA4/ujLgbvvmQ=="
        },
        "preact": {
            "version": "10.5.15",
            "resolved": "https://registry.npmjs.org/preact/-/preact-10.5.15.tgz",
            "integrity": "sha512-5chK29n6QcJc3m1lVrKQSQ+V7K1Gb8HeQY6FViQ5AxCAEGu3DaHffWNDkC9+miZgsLvbvU9rxbV1qinGHMHzqA=="
        },
        "prismjs": {
            "version": "1.27.0",
            "resolved": "https://registry.npmjs.org/prismjs/-/prismjs-1.27.0.tgz",
            "integrity": "sha512-t13BGPUlFDR7wRB5kQDG4jjl7XeuH6jbJGt11JHPL96qwsEHNX2+68tFXqc1/k+/jALsbSWJKUOT/hcYAZ5LkA=="
        }
    }
}
